{
  "name": "softconic",
  "lockfileVersion": 3,
  "requires": true,
  "packages": {
    "": {
      "dependencies": {
        "tilt.js": "^1.2.1"
      },
      "devDependencies": {
        "direction-reveal": "^2.0.2"
      }
    },
    "node_modules/direction-reveal": {
      "version": "2.0.2",
      "resolved": "https://registry.npmjs.org/direction-reveal/-/direction-reveal-2.0.2.tgz",
      "integrity": "sha512-+s30wwvuuDkQuY9qQa0I7N/zaV2FEdorC0X4PKU3I9t/FeesZA7vrH481SEI++56dGLw/0GmBqfkFAYuFqJ3Ag==",
      "dev": true,
      "engines": {
        "node": ">=4"
      }
    },
    "node_modules/jquery": {
      "version": "3.7.1",
      "resolved": "https://registry.npmjs.org/jquery/-/jquery-3.7.1.tgz",
      "integrity": "sha512-m4avr8yL8kmFN8psrbFFFmB/If14iN5o9nw/NgnnM+kybDJpRsAynV2BsfpTYrTRysYUdADVD7CkUUizgkpLfg=="
    },
    "node_modules/tilt.js": {
      "version": "1.2.1",
      "resolved": "https://registry.npmjs.org/tilt.js/-/tilt.js-1.2.1.tgz",
      "integrity": "sha512-IGRh3FJbq6BRH2ETb2KxDWont2k740oR+0QMs39QVkjnr7QmA6L1VzSKsOLgFXg5QNtHyRKp7vzFoJCYxgzsJA==",
      "dependencies": {
        "jquery": "^3.1.1"
      }
    }
  }
}
